
Microsoft Visual Studio Solution File, Format Version 12.00
# Visual Studio Version 16
VisualStudioVersion = 16.0.30804.86
MinimumVisualStudioVersion = 10.0.40219.1
Project("{9A19103F-16F7-4668-BE54-9A1E7A4F7556}") = "StbImageSharp", "src\StbImageSharp.csproj", "{A0123FC9-6FB4-448D-94D1-84433B317FAB}"
EndProject
Project("{2150E333-8FDC-42A3-9474-1A3956D46DE8}") = "Tests", "Tests", "{AD5041AC-C96B-42F8-BC8C-BFFD2090B364}"
EndProject
Project("{8BC9CEB8-8B4A-11D0-8D11-00A0C91BC942}") = "Stb.Native", "tests\Stb.Native\Stb.Native.vcxproj", "{EA7B8121-942A-437D-85D5-E4D55B94E88A}"
EndProject
Project("{9A19103F-16F7-4668-BE54-9A1E7A4F7556}") = "StbImageSharp.Testing", "tests\StbImageSharp.Testing\StbImageSharp.Testing.csproj", "{4295DB99-F5C5-4D33-84DA-02AA2CA141B6}"
EndProject
Project("{9A19103F-16F7-4668-BE54-9A1E7A4F7556}") = "StbImageSharp.Tests", "tests\StbImageSharp.Tests\StbImageSharp.Tests.csproj", "{5FA15FA0-17F2-446C-8EB7-50281F9C9B34}"
EndProject
Project("{9A19103F-16F7-4668-BE54-9A1E7A4F7556}") = "StbImageSharp.Viewer", "tests\StbImageSharp.Viewer\StbImageSharp.Viewer.csproj", "{55726B87-1BEA-4B67-A071-A076DA1B298B}"
EndProject
Global
	GlobalSection(SolutionConfigurationPlatforms) = preSolution
		Debug|Any CPU = Debug|Any CPU
		Release|Any CPU = Release|Any CPU
	EndGlobalSection
	GlobalSection(ProjectConfigurationPlatforms) = postSolution
		{A0123FC9-6FB4-448D-94D1-84433B317FAB}.Debug|Any CPU.ActiveCfg = Debug|Any CPU
		{A0123FC9-6FB4-448D-94D1-84433B317FAB}.Debug|Any CPU.Build.0 = Debug|Any CPU
		{A0123FC9-6FB4-448D-94D1-84433B317FAB}.Release|Any CPU.ActiveCfg = Release|Any CPU
		{A0123FC9-6FB4-448D-94D1-84433B317FAB}.Release|Any CPU.Build.0 = Release|Any CPU
		{EA7B8121-942A-437D-85D5-E4D55B94E88A}.Debug|Any CPU.ActiveCfg = Debug|Win32
		{EA7B8121-942A-437D-85D5-E4D55B94E88A}.Debug|Any CPU.Build.0 = Debug|Win32
		{EA7B8121-942A-437D-85D5-E4D55B94E88A}.Release|Any CPU.ActiveCfg = Release|Win32
		{EA7B8121-942A-437D-85D5-E4D55B94E88A}.Release|Any CPU.Build.0 = Release|Win32
		{4295DB99-F5C5-4D33-84DA-02AA2CA141B6}.Debug|Any CPU.ActiveCfg = Debug|x86
		{4295DB99-F5C5-4D33-84DA-02AA2CA141B6}.Debug|Any CPU.Build.0 = Debug|x86
		{4295DB99-F5C5-4D33-84DA-02AA2CA141B6}.Release|Any CPU.ActiveCfg = Release|x86
		{4295DB99-F5C5-4D33-84DA-02AA2CA141B6}.Release|Any CPU.Build.0 = Release|x86
		{5FA15FA0-17F2-446C-8EB7-50281F9C9B34}.Debug|Any CPU.ActiveCfg = Debug|Any CPU
		{5FA15FA0-17F2-446C-8EB7-50281F9C9B34}.Debug|Any CPU.Build.0 = Debug|Any CPU
		{5FA15FA0-17F2-446C-8EB7-50281F9C9B34}.Release|Any CPU.ActiveCfg = Release|Any CPU
		{5FA15FA0-17F2-446C-8EB7-50281F9C9B34}.Release|Any CPU.Build.0 = Release|Any CPU
		{55726B87-1BEA-4B67-A071-A076DA1B298B}.Debug|Any CPU.ActiveCfg = Debug|Any CPU
		{55726B87-1BEA-4B67-A071-A076DA1B298B}.Debug|Any CPU.Build.0 = Debug|Any CPU
		{55726B87-1BEA-4B67-A071-A076DA1B298B}.Release|Any CPU.ActiveCfg = Release|Any CPU
		{55726B87-1BEA-4B67-A071-A076DA1B298B}.Release|Any CPU.Build.0 = Release|Any CPU
	EndGlobalSection
	GlobalSection(SolutionProperties) = preSolution
		HideSolutionNode = FALSE
	EndGlobalSection
	GlobalSection(NestedProjects) = preSolution
		{EA7B8121-942A-437D-85D5-E4D55B94E88A} = {AD5041AC-C96B-42F8-BC8C-BFFD2090B364}
		{4295DB99-F5C5-4D33-84DA-02AA2CA141B6} = {AD5041AC-C96B-42F8-BC8C-BFFD2090B364}
		{5FA15FA0-17F2-446C-8EB7-50281F9C9B34} = {AD5041AC-C96B-42F8-BC8C-BFFD2090B364}
		{55726B87-1BEA-4B67-A071-A076DA1B298B} = {AD5041AC-C96B-42F8-BC8C-BFFD2090B364}
	EndGlobalSection
	GlobalSection(ExtensibilityGlobals) = postSolution
		SolutionGuid = {C9C812E7-F89A-4B6E-8F9D-981D5F8BBAB3}
	EndGlobalSection
EndGlobal
