
Microsoft Visual Studio Solution File, Format Version 12.00
# Visual Studio 15
VisualStudioVersion = 15.0.28010.2036
MinimumVisualStudioVersion = 10.0.40219.1
Project("{FAE04EC0-301F-11D3-BF4B-00C04F79EFBC}") = "StbImageSharp.Generator", "StbImageSharp.Generator\StbImageSharp.Generator.csproj", "{2F372A46-2B31-49ED-BEAA-B7D6E72CD983}"
EndProject
Project("{FAE04EC0-301F-11D3-BF4B-00C04F79EFBC}") = "Sichem", "..\..\Sichem\Sichem\Sichem.csproj", "{71352218-91C4-490E-A650-AB17C48D0300}"
EndProject
Global
	GlobalSection(SolutionConfigurationPlatforms) = preSolution
		Debug|Any CPU = Debug|Any CPU
		Debug|Mixed Platforms = Debug|Mixed Platforms
		Debug|x64 = Debug|x64
		Release|Any CPU = Release|Any CPU
		Release|Mixed Platforms = Release|Mixed Platforms
		Release|x64 = Release|x64
	EndGlobalSection
	GlobalSection(ProjectConfigurationPlatforms) = postSolution
		{2F372A46-2B31-49ED-BEAA-B7D6E72CD983}.Debug|Any CPU.ActiveCfg = Debug|x64
		{2F372A46-2B31-49ED-BEAA-B7D6E72CD983}.Debug|Mixed Platforms.ActiveCfg = Debug|x64
		{2F372A46-2B31-49ED-BEAA-B7D6E72CD983}.Debug|Mixed Platforms.Build.0 = Debug|x64
		{2F372A46-2B31-49ED-BEAA-B7D6E72CD983}.Debug|x64.ActiveCfg = Debug|x64
		{2F372A46-2B31-49ED-BEAA-B7D6E72CD983}.Debug|x64.Build.0 = Debug|x64
		{2F372A46-2B31-49ED-BEAA-B7D6E72CD983}.Release|Any CPU.ActiveCfg = Release|x64
		{2F372A46-2B31-49ED-BEAA-B7D6E72CD983}.Release|Mixed Platforms.ActiveCfg = Release|x64
		{2F372A46-2B31-49ED-BEAA-B7D6E72CD983}.Release|Mixed Platforms.Build.0 = Release|x64
		{2F372A46-2B31-49ED-BEAA-B7D6E72CD983}.Release|x64.ActiveCfg = Release|x64
		{2F372A46-2B31-49ED-BEAA-B7D6E72CD983}.Release|x64.Build.0 = Release|x64
		{71352218-91C4-490E-A650-AB17C48D0300}.Debug|Any CPU.ActiveCfg = Debug|x64
		{71352218-91C4-490E-A650-AB17C48D0300}.Debug|Mixed Platforms.ActiveCfg = Debug|x64
		{71352218-91C4-490E-A650-AB17C48D0300}.Debug|Mixed Platforms.Build.0 = Debug|x64
		{71352218-91C4-490E-A650-AB17C48D0300}.Debug|x64.ActiveCfg = Debug|x64
		{71352218-91C4-490E-A650-AB17C48D0300}.Debug|x64.Build.0 = Debug|x64
		{71352218-91C4-490E-A650-AB17C48D0300}.Release|Any CPU.ActiveCfg = Release|x64
		{71352218-91C4-490E-A650-AB17C48D0300}.Release|Mixed Platforms.ActiveCfg = Release|x64
		{71352218-91C4-490E-A650-AB17C48D0300}.Release|Mixed Platforms.Build.0 = Release|x64
		{71352218-91C4-490E-A650-AB17C48D0300}.Release|x64.ActiveCfg = Release|x64
		{71352218-91C4-490E-A650-AB17C48D0300}.Release|x64.Build.0 = Release|x64
	EndGlobalSection
	GlobalSection(SolutionProperties) = preSolution
		HideSolutionNode = FALSE
	EndGlobalSection
	GlobalSection(ExtensibilityGlobals) = postSolution
		SolutionGuid = {ACF4E34C-5E6B-44ED-AA80-A1C43BA55B85}
	EndGlobalSection
EndGlobal
